
Microsoft Visual Studio Solution File, Format Version 12.00
# Visual Studio 2012
Project("{FAE04EC0-301F-11D3-BF4B-00C04F79EFBC}") = "CreateStruct", "CreateStruct\CreateStruct.csproj", "{105FA80C-800F-4C31-8495-2ED897F20297}"
EndProject
Global
	GlobalSection(SolutionConfigurationPlatforms) = preSolution
		Debug|Any CPU = Debug|Any CPU
		Release|Any CPU = Release|Any CPU
	EndGlobalSection
	GlobalSection(ProjectConfigurationPlatforms) = postSolution
		{105FA80C-800F-4C31-8495-2ED897F20297}.Debug|Any CPU.ActiveCfg = Debug|Any CPU
		{105FA80C-800F-4C31-8495-2ED897F20297}.Debug|Any CPU.Build.0 = Debug|Any CPU
		{105FA80C-800F-4C31-8495-2ED897F20297}.Release|Any CPU.ActiveCfg = Release|Any CPU
		{105FA80C-800F-4C31-8495-2ED897F20297}.Release|Any CPU.Build.0 = Release|Any CPU
	EndGlobalSection
	GlobalSection(SolutionProperties) = preSolution
		HideSolutionNode = FALSE
	EndGlobalSection
EndGlobal
